// !$*UTF8*$!
{
	archiveVersion = 1;
	classes = {
	};
	objectVersion = 46;
	objects = {

/* Begin PBXBuildFile section */
		6305377A1A75CE690071F376 /* MessageTableViewCellBase.swift in Sources */ = {isa = PBXBuildFile; fileRef = 630537791A75CE690071F376 /* MessageTableViewCellBase.swift */; };
		6305377C1A75CE770071F376 /* MessageTableViewSenderCell.swift in Sources */ = {isa = PBXBuildFile; fileRef = 6305377B1A75CE770071F376 /* MessageTableViewSenderCell.swift */; };
		630537831A77DF4C0071F376 /* Message.swift in Sources */ = {isa = PBXBuildFile; fileRef = 630537821A77DF4C0071F376 /* Message.swift */; };
		630537851A77DF590071F376 /* MessageThread.swift in Sources */ = {isa = PBXBuildFile; fileRef = 630537841A77DF590071F376 /* MessageThread.swift */; };
		630858C61AA3FA1700A273B0 /* ChangePasswordViewController.swift in Sources */ = {isa = PBXBuildFile; fileRef = 630858C51AA3FA1700A273B0 /* ChangePasswordViewController.swift */; };
		630858C81AA3FD4B00A273B0 /* ViewControllerExtensions.swift in Sources */ = {isa = PBXBuildFile; fileRef = 630858C71AA3FD4B00A273B0 /* ViewControllerExtensions.swift */; };
		63203D7D1A6D4C3C00D49582 /* AppDelegate.swift in Sources */ = {isa = PBXBuildFile; fileRef = 63203D7C1A6D4C3C00D49582 /* AppDelegate.swift */; };
		63203D821A6D4C3C00D49582 /* Main.storyboard in Resources */ = {isa = PBXBuildFile; fileRef = 63203D801A6D4C3C00D49582 /* Main.storyboard */; };
		63203D841A6D4C3C00D49582 /* Images.xcassets in Resources */ = {isa = PBXBuildFile; fileRef = 63203D831A6D4C3C00D49582 /* Images.xcassets */; };
		63203D871A6D4C3C00D49582 /* LaunchScreen.xib in Resources */ = {isa = PBXBuildFile; fileRef = 63203D851A6D4C3C00D49582 /* LaunchScreen.xib */; };
		63203D931A6D4C3C00D49582 /* EnterpriseMessengerTests.swift in Sources */ = {isa = PBXBuildFile; fileRef = 63203D921A6D4C3C00D49582 /* EnterpriseMessengerTests.swift */; };
		63203D9E1A6D4C7600D49582 /* KinveyKit.framework in Frameworks */ = {isa = PBXBuildFile; fileRef = 63203D9D1A6D4C7600D49582 /* KinveyKit.framework */; };
		63203DA01A6D4CDD00D49582 /* Accounts.framework in Frameworks */ = {isa = PBXBuildFile; fileRef = 63203D9F1A6D4CDD00D49582 /* Accounts.framework */; };
		63203DA21A6D4CE200D49582 /* CoreGraphics.framework in Frameworks */ = {isa = PBXBuildFile; fileRef = 63203DA11A6D4CE200D49582 /* CoreGraphics.framework */; };
		63203DA41A6D4CEE00D49582 /* CoreLocation.framework in Frameworks */ = {isa = PBXBuildFile; fileRef = 63203DA31A6D4CEE00D49582 /* CoreLocation.framework */; };
		63203DA61A6D4CF600D49582 /* libsqlite3.dylib in Frameworks */ = {isa = PBXBuildFile; fileRef = 63203DA51A6D4CF600D49582 /* libsqlite3.dylib */; };
		63203DA81A6D4CFC00D49582 /* MobileCoreServices.framework in Frameworks */ = {isa = PBXBuildFile; fileRef = 63203DA71A6D4CFC00D49582 /* MobileCoreServices.framework */; };
		63203DAA1A6D4D0300D49582 /* Security.framework in Frameworks */ = {isa = PBXBuildFile; fileRef = 63203DA91A6D4D0300D49582 /* Security.framework */; };
		63203DAC1A6D4D0900D49582 /* Social.framework in Frameworks */ = {isa = PBXBuildFile; fileRef = 63203DAB1A6D4D0900D49582 /* Social.framework */; };
		63203DAE1A6D4D0F00D49582 /* SystemConfiguration.framework in Frameworks */ = {isa = PBXBuildFile; fileRef = 63203DAD1A6D4D0F00D49582 /* SystemConfiguration.framework */; };
		63203DB51A6D7D2100D49582 /* InterfaceConfiguration.swift in Sources */ = {isa = PBXBuildFile; fileRef = 63203DB41A6D7D2100D49582 /* InterfaceConfiguration.swift */; };
		63203DB91A6D8EB800D49582 /* BottomButton.swift in Sources */ = {isa = PBXBuildFile; fileRef = 63203DB81A6D8EB800D49582 /* BottomButton.swift */; };
		63203DC01A6DAA6D00D49582 /* TextField.swift in Sources */ = {isa = PBXBuildFile; fileRef = 63203DBF1A6DAA6D00D49582 /* TextField.swift */; };
		63203DC21A6DB08F00D49582 /* MaskedImageView.swift in Sources */ = {isa = PBXBuildFile; fileRef = 63203DC11A6DB08F00D49582 /* MaskedImageView.swift */; };
		6333F3311A92D8F100618027 /* about.rtf in Resources */ = {isa = PBXBuildFile; fileRef = 6333F3301A92D8F100618027 /* about.rtf */; };
		6333F3331A93BB4600618027 /* AboutTextView.swift in Sources */ = {isa = PBXBuildFile; fileRef = 6333F3321A93BB4600618027 /* AboutTextView.swift */; };
		6333F3351A95348800618027 /* Kinvey.plist in Resources */ = {isa = PBXBuildFile; fileRef = 6333F3341A95348800618027 /* Kinvey.plist */; };
		634117201A82D8BA004090F1 /* KinveyDataManager.swift in Sources */ = {isa = PBXBuildFile; fileRef = 6341171F1A82D8BA004090F1 /* KinveyDataManager.swift */; };
		634AC2391A97EA5A00A6DAE8 /* ProfileViewController.swift in Sources */ = {isa = PBXBuildFile; fileRef = 634AC2381A97EA5A00A6DAE8 /* ProfileViewController.swift */; };
		634AC23B1A9BB33500A6DAE8 /* DateExtensions.swift in Sources */ = {isa = PBXBuildFile; fileRef = 634AC23A1A9BB33500A6DAE8 /* DateExtensions.swift */; };
		634AC2431A9BB47B00A6DAE8 /* ImageExtensions.swift in Sources */ = {isa = PBXBuildFile; fileRef = 634AC2421A9BB47B00A6DAE8 /* ImageExtensions.swift */; };
		634AC2491AA26D7E00A6DAE8 /* ProfileView.xib in Resources */ = {isa = PBXBuildFile; fileRef = 634AC2471AA26D7E00A6DAE8 /* ProfileView.xib */; };
		634AC24B1AA26E9A00A6DAE8 /* ProfileView.swift in Sources */ = {isa = PBXBuildFile; fileRef = 634AC24A1AA26E9A00A6DAE8 /* ProfileView.swift */; };
		63558AB51AA2A4200016E28F /* UserDetailBaseViewController.swift in Sources */ = {isa = PBXBuildFile; fileRef = 63558AB41AA2A4200016E28F /* UserDetailBaseViewController.swift */; };
		63558AB71AA2A7860016E28F /* DirectoryDetailViewController.swift in Sources */ = {isa = PBXBuildFile; fileRef = 63558AB61AA2A7860016E28F /* DirectoryDetailViewController.swift */; };
		6359CFFF1A72F3270040E166 /* MessageDetailViewController.swift in Sources */ = {isa = PBXBuildFile; fileRef = 6359CFFE1A72F3270040E166 /* MessageDetailViewController.swift */; };
		6359D01D1A740C350040E166 /* MessageTableViewRecipientCell.swift in Sources */ = {isa = PBXBuildFile; fileRef = 6359D01C1A740C350040E166 /* MessageTableViewRecipientCell.swift */; };
		6363B9F31A6DF74100187367 /* MessageThreadsViewController.swift in Sources */ = {isa = PBXBuildFile; fileRef = 6363B9F21A6DF74100187367 /* MessageThreadsViewController.swift */; };
		6363B9F51A6E693F00187367 /* SignupViewController.swift in Sources */ = {isa = PBXBuildFile; fileRef = 6363B9F41A6E693F00187367 /* SignupViewController.swift */; };
		6363B9F91A6E983000187367 /* LandingPageViewController.swift in Sources */ = {isa = PBXBuildFile; fileRef = 6363B9F81A6E983000187367 /* LandingPageViewController.swift */; };
		6363B9FD1A6EB48500187367 /* CoreImage.framework in Frameworks */ = {isa = PBXBuildFile; fileRef = 6363B9FC1A6EB48500187367 /* CoreImage.framework */; };
		638A397E1A70457000D0111C /* DirectoryTableViewCell.swift in Sources */ = {isa = PBXBuildFile; fileRef = 638A397D1A70457000D0111C /* DirectoryTableViewCell.swift */; };
		638A39801A70464E00D0111C /* DirectoryTableViewController.swift in Sources */ = {isa = PBXBuildFile; fileRef = 638A397F1A70464E00D0111C /* DirectoryTableViewController.swift */; };
		638A39821A7085F100D0111C /* MessageThreadTableViewCell.swift in Sources */ = {isa = PBXBuildFile; fileRef = 638A39811A7085F100D0111C /* MessageThreadTableViewCell.swift */; };
		6393A2551A8E4D0B005AEDEB /* WaterCoolerConstants.swift in Sources */ = {isa = PBXBuildFile; fileRef = 6393A2541A8E4D0B005AEDEB /* WaterCoolerConstants.swift */; };
		6393A2591A8E7E98005AEDEB /* MBProgressHUD.m in Sources */ = {isa = PBXBuildFile; fileRef = 6393A2581A8E7E98005AEDEB /* MBProgressHUD.m */; };
		6393A26E1A8E7ECC005AEDEB /* SLKTextView+SLKAdditions.m in Sources */ = {isa = PBXBuildFile; fileRef = 6393A25D1A8E7ECC005AEDEB /* SLKTextView+SLKAdditions.m */; };
		6393A26F1A8E7ECC005AEDEB /* UIScrollView+SLKAdditions.m in Sources */ = {isa = PBXBuildFile; fileRef = 6393A2601A8E7ECC005AEDEB /* UIScrollView+SLKAdditions.m */; };
		6393A2701A8E7ECC005AEDEB /* UIView+SLKAdditions.m in Sources */ = {isa = PBXBuildFile; fileRef = 6393A2621A8E7ECC005AEDEB /* UIView+SLKAdditions.m */; };
		6393A2711A8E7ECC005AEDEB /* SLKInputAccessoryView.m in Sources */ = {isa = PBXBuildFile; fileRef = 6393A2651A8E7ECC005AEDEB /* SLKInputAccessoryView.m */; };
		6393A2721A8E7ECC005AEDEB /* SLKTextInputbar.m in Sources */ = {isa = PBXBuildFile; fileRef = 6393A2671A8E7ECC005AEDEB /* SLKTextInputbar.m */; };
		6393A2731A8E7ECC005AEDEB /* SLKTextView.m in Sources */ = {isa = PBXBuildFile; fileRef = 6393A2691A8E7ECC005AEDEB /* SLKTextView.m */; };
		6393A2741A8E7ECC005AEDEB /* SLKTextViewController.m in Sources */ = {isa = PBXBuildFile; fileRef = 6393A26B1A8E7ECC005AEDEB /* SLKTextViewController.m */; };
		6393A2751A8E7ECC005AEDEB /* SLKTypingIndicatorView.m in Sources */ = {isa = PBXBuildFile; fileRef = 6393A26D1A8E7ECC005AEDEB /* SLKTypingIndicatorView.m */; };
		6393A2771A92D56E005AEDEB /* InfoViewController.swift in Sources */ = {isa = PBXBuildFile; fileRef = 6393A2761A92D56E005AEDEB /* InfoViewController.swift */; };
		63B8EFBF1A89360200FF51E5 /* DirectoryBaseTableViewController.swift in Sources */ = {isa = PBXBuildFile; fileRef = 63B8EFBE1A89360200FF51E5 /* DirectoryBaseTableViewController.swift */; };
		63B8EFC11A89400200FF51E5 /* DirectorySearchResultsTableViewController.swift in Sources */ = {isa = PBXBuildFile; fileRef = 63B8EFC01A89400200FF51E5 /* DirectorySearchResultsTableViewController.swift */; };
		63B8EFC41A89420600FF51E5 /* KinveyExtensions.swift in Sources */ = {isa = PBXBuildFile; fileRef = 63B8EFC31A89420600FF51E5 /* KinveyExtensions.swift */; };
		63B8EFC71A8AFC7B00FF51E5 /* ObjCUtil.m in Sources */ = {isa = PBXBuildFile; fileRef = 63B8EFC61A8AFC7B00FF51E5 /* ObjCUtil.m */; };
/* End PBXBuildFile section */

/* Begin PBXContainerItemProxy section */
		63203D8D1A6D4C3C00D49582 /* PBXContainerItemProxy */ = {
			isa = PBXContainerItemProxy;
			containerPortal = 63203D6F1A6D4C3B00D49582 /* Project object */;
			proxyType = 1;
			remoteGlobalIDString = 63203D761A6D4C3C00D49582;
			remoteInfo = EnterpriseMessenger;
		};
/* End PBXContainerItemProxy section */

/* Begin PBXFileReference section */
		630537791A75CE690071F376 /* MessageTableViewCellBase.swift */ = {isa = PBXFileReference; fileEncoding = 4; lastKnownFileType = sourcecode.swift; path = MessageTableViewCellBase.swift; sourceTree = "<group>"; };
		6305377B1A75CE770071F376 /* MessageTableViewSenderCell.swift */ = {isa = PBXFileReference; fileEncoding = 4; lastKnownFileType = sourcecode.swift; path = MessageTableViewSenderCell.swift; sourceTree = "<group>"; };
		630537821A77DF4C0071F376 /* Message.swift */ = {isa = PBXFileReference; fileEncoding = 4; lastKnownFileType = sourcecode.swift; path = Message.swift; sourceTree = "<group>"; };
		630537841A77DF590071F376 /* MessageThread.swift */ = {isa = PBXFileReference; fileEncoding = 4; lastKnownFileType = sourcecode.swift; path = MessageThread.swift; sourceTree = "<group>"; };
		630858C51AA3FA1700A273B0 /* ChangePasswordViewController.swift */ = {isa = PBXFileReference; fileEncoding = 4; lastKnownFileType = sourcecode.swift; path = ChangePasswordViewController.swift; sourceTree = "<group>"; };
		630858C71AA3FD4B00A273B0 /* ViewControllerExtensions.swift */ = {isa = PBXFileReference; fileEncoding = 4; lastKnownFileType = sourcecode.swift; path = ViewControllerExtensions.swift; sourceTree = "<group>"; };
		63203D771A6D4C3C00D49582 /* EnterpriseMessenger.app */ = {isa = PBXFileReference; explicitFileType = wrapper.application; includeInIndex = 0; path = EnterpriseMessenger.app; sourceTree = BUILT_PRODUCTS_DIR; };
		63203D7B1A6D4C3C00D49582 /* Info.plist */ = {isa = PBXFileReference; lastKnownFileType = text.plist.xml; path = Info.plist; sourceTree = "<group>"; };
		63203D7C1A6D4C3C00D49582 /* AppDelegate.swift */ = {isa = PBXFileReference; lastKnownFileType = sourcecode.swift; path = AppDelegate.swift; sourceTree = "<group>"; };
		63203D811A6D4C3C00D49582 /* Base */ = {isa = PBXFileReference; lastKnownFileType = file.storyboard; name = Base; path = Base.lproj/Main.storyboard; sourceTree = "<group>"; };
		63203D831A6D4C3C00D49582 /* Images.xcassets */ = {isa = PBXFileReference; lastKnownFileType = folder.assetcatalog; path = Images.xcassets; sourceTree = "<group>"; };
		63203D861A6D4C3C00D49582 /* Base */ = {isa = PBXFileReference; lastKnownFileType = file.xib; name = Base; path = Base.lproj/LaunchScreen.xib; sourceTree = "<group>"; };
		63203D8C1A6D4C3C00D49582 /* EnterpriseMessengerTests.xctest */ = {isa = PBXFileReference; explicitFileType = wrapper.cfbundle; includeInIndex = 0; path = EnterpriseMessengerTests.xctest; sourceTree = BUILT_PRODUCTS_DIR; };
		63203D911A6D4C3C00D49582 /* Info.plist */ = {isa = PBXFileReference; lastKnownFileType = text.plist.xml; path = Info.plist; sourceTree = "<group>"; };
		63203D921A6D4C3C00D49582 /* EnterpriseMessengerTests.swift */ = {isa = PBXFileReference; lastKnownFileType = sourcecode.swift; path = EnterpriseMessengerTests.swift; sourceTree = "<group>"; };
		63203D9D1A6D4C7600D49582 /* KinveyKit.framework */ = {isa = PBXFileReference; lastKnownFileType = wrapper.framework; path = KinveyKit.framework; sourceTree = "<group>"; };
		63203D9F1A6D4CDD00D49582 /* Accounts.framework */ = {isa = PBXFileReference; lastKnownFileType = wrapper.framework; name = Accounts.framework; path = System/Library/Frameworks/Accounts.framework; sourceTree = SDKROOT; };
		63203DA11A6D4CE200D49582 /* CoreGraphics.framework */ = {isa = PBXFileReference; lastKnownFileType = wrapper.framework; name = CoreGraphics.framework; path = System/Library/Frameworks/CoreGraphics.framework; sourceTree = SDKROOT; };
		63203DA31A6D4CEE00D49582 /* CoreLocation.framework */ = {isa = PBXFileReference; lastKnownFileType = wrapper.framework; name = CoreLocation.framework; path = System/Library/Frameworks/CoreLocation.framework; sourceTree = SDKROOT; };
		63203DA51A6D4CF600D49582 /* libsqlite3.dylib */ = {isa = PBXFileReference; lastKnownFileType = "compiled.mach-o.dylib"; name = libsqlite3.dylib; path = usr/lib/libsqlite3.dylib; sourceTree = SDKROOT; };
		63203DA71A6D4CFC00D49582 /* MobileCoreServices.framework */ = {isa = PBXFileReference; lastKnownFileType = wrapper.framework; name = MobileCoreServices.framework; path = System/Library/Frameworks/MobileCoreServices.framework; sourceTree = SDKROOT; };
		63203DA91A6D4D0300D49582 /* Security.framework */ = {isa = PBXFileReference; lastKnownFileType = wrapper.framework; name = Security.framework; path = System/Library/Frameworks/Security.framework; sourceTree = SDKROOT; };
		63203DAB1A6D4D0900D49582 /* Social.framework */ = {isa = PBXFileReference; lastKnownFileType = wrapper.framework; name = Social.framework; path = System/Library/Frameworks/Social.framework; sourceTree = SDKROOT; };
		63203DAD1A6D4D0F00D49582 /* SystemConfiguration.framework */ = {isa = PBXFileReference; lastKnownFileType = wrapper.framework; name = SystemConfiguration.framework; path = System/Library/Frameworks/SystemConfiguration.framework; sourceTree = SDKROOT; };
		63203DB01A6D4ED800D49582 /* EnterpriseMessenger-Bridging-Header.h */ = {isa = PBXFileReference; lastKnownFileType = sourcecode.c.h; path = "EnterpriseMessenger-Bridging-Header.h"; sourceTree = SOURCE_ROOT; };
		63203DB41A6D7D2100D49582 /* InterfaceConfiguration.swift */ = {isa = PBXFileReference; fileEncoding = 4; lastKnownFileType = sourcecode.swift; path = InterfaceConfiguration.swift; sourceTree = "<group>"; };
		63203DB81A6D8EB800D49582 /* BottomButton.swift */ = {isa = PBXFileReference; fileEncoding = 4; lastKnownFileType = sourcecode.swift; path = BottomButton.swift; sourceTree = "<group>"; };
		63203DBF1A6DAA6D00D49582 /* TextField.swift */ = {isa = PBXFileReference; fileEncoding = 4; lastKnownFileType = sourcecode.swift; path = TextField.swift; sourceTree = "<group>"; };
		63203DC11A6DB08F00D49582 /* MaskedImageView.swift */ = {isa = PBXFileReference; fileEncoding = 4; lastKnownFileType = sourcecode.swift; path = MaskedImageView.swift; sourceTree = "<group>"; };
		6333F3301A92D8F100618027 /* about.rtf */ = {isa = PBXFileReference; fileEncoding = 4; lastKnownFileType = text.rtf; name = about.rtf; path = EnterpriseMessenger/Content/about.rtf; sourceTree = "<group>"; };
		6333F3321A93BB4600618027 /* AboutTextView.swift */ = {isa = PBXFileReference; fileEncoding = 4; lastKnownFileType = sourcecode.swift; path = AboutTextView.swift; sourceTree = "<group>"; };
		6333F3341A95348800618027 /* Kinvey.plist */ = {isa = PBXFileReference; fileEncoding = 4; lastKnownFileType = text.plist.xml; name = Kinvey.plist; path = EnterpriseMessenger/Kinvey.plist; sourceTree = "<group>"; };
		6341171F1A82D8BA004090F1 /* KinveyDataManager.swift */ = {isa = PBXFileReference; fileEncoding = 4; lastKnownFileType = sourcecode.swift; path = KinveyDataManager.swift; sourceTree = "<group>"; };
		634AC2381A97EA5A00A6DAE8 /* ProfileViewController.swift */ = {isa = PBXFileReference; fileEncoding = 4; lastKnownFileType = sourcecode.swift; path = ProfileViewController.swift; sourceTree = "<group>"; };
		634AC23A1A9BB33500A6DAE8 /* DateExtensions.swift */ = {isa = PBXFileReference; fileEncoding = 4; lastKnownFileType = sourcecode.swift; path = DateExtensions.swift; sourceTree = "<group>"; };
		634AC2421A9BB47B00A6DAE8 /* ImageExtensions.swift */ = {isa = PBXFileReference; fileEncoding = 4; lastKnownFileType = sourcecode.swift; path = ImageExtensions.swift; sourceTree = "<group>"; };
		634AC2481AA26D7E00A6DAE8 /* Base */ = {isa = PBXFileReference; lastKnownFileType = file.xib; name = Base; path = Base.lproj/ProfileView.xib; sourceTree = "<group>"; };
		634AC24A1AA26E9A00A6DAE8 /* ProfileView.swift */ = {isa = PBXFileReference; fileEncoding = 4; lastKnownFileType = sourcecode.swift; path = ProfileView.swift; sourceTree = "<group>"; };
		63558AB41AA2A4200016E28F /* UserDetailBaseViewController.swift */ = {isa = PBXFileReference; fileEncoding = 4; lastKnownFileType = sourcecode.swift; path = UserDetailBaseViewController.swift; sourceTree = "<group>"; };
		63558AB61AA2A7860016E28F /* DirectoryDetailViewController.swift */ = {isa = PBXFileReference; fileEncoding = 4; lastKnownFileType = sourcecode.swift; path = DirectoryDetailViewController.swift; sourceTree = "<group>"; };
		6359CFFE1A72F3270040E166 /* MessageDetailViewController.swift */ = {isa = PBXFileReference; fileEncoding = 4; lastKnownFileType = sourcecode.swift; path = MessageDetailViewController.swift; sourceTree = "<group>"; };
		6359D01C1A740C350040E166 /* MessageTableViewRecipientCell.swift */ = {isa = PBXFileReference; fileEncoding = 4; lastKnownFileType = sourcecode.swift; path = MessageTableViewRecipientCell.swift; sourceTree = "<group>"; };
		6363B9F21A6DF74100187367 /* MessageThreadsViewController.swift */ = {isa = PBXFileReference; fileEncoding = 4; lastKnownFileType = sourcecode.swift; path = MessageThreadsViewController.swift; sourceTree = "<group>"; };
		6363B9F41A6E693F00187367 /* SignupViewController.swift */ = {isa = PBXFileReference; fileEncoding = 4; lastKnownFileType = sourcecode.swift; path = SignupViewController.swift; sourceTree = "<group>"; };
		6363B9F81A6E983000187367 /* LandingPageViewController.swift */ = {isa = PBXFileReference; fileEncoding = 4; lastKnownFileType = sourcecode.swift; path = LandingPageViewController.swift; sourceTree = "<group>"; };
		6363B9FC1A6EB48500187367 /* CoreImage.framework */ = {isa = PBXFileReference; lastKnownFileType = wrapper.framework; name = CoreImage.framework; path = System/Library/Frameworks/CoreImage.framework; sourceTree = SDKROOT; };
		638A397D1A70457000D0111C /* DirectoryTableViewCell.swift */ = {isa = PBXFileReference; fileEncoding = 4; lastKnownFileType = sourcecode.swift; path = DirectoryTableViewCell.swift; sourceTree = "<group>"; };
		638A397F1A70464E00D0111C /* DirectoryTableViewController.swift */ = {isa = PBXFileReference; fileEncoding = 4; lastKnownFileType = sourcecode.swift; path = DirectoryTableViewController.swift; sourceTree = "<group>"; };
		638A39811A7085F100D0111C /* MessageThreadTableViewCell.swift */ = {isa = PBXFileReference; fileEncoding = 4; lastKnownFileType = sourcecode.swift; path = MessageThreadTableViewCell.swift; sourceTree = "<group>"; };
		6393A2541A8E4D0B005AEDEB /* WaterCoolerConstants.swift */ = {isa = PBXFileReference; fileEncoding = 4; lastKnownFileType = sourcecode.swift; path = WaterCoolerConstants.swift; sourceTree = "<group>"; };
		6393A2571A8E7E98005AEDEB /* MBProgressHUD.h */ = {isa = PBXFileReference; fileEncoding = 4; lastKnownFileType = sourcecode.c.h; name = MBProgressHUD.h; path = "Third Party/MBProgressHUD/MBProgressHUD.h"; sourceTree = "<group>"; };
		6393A2581A8E7E98005AEDEB /* MBProgressHUD.m */ = {isa = PBXFileReference; fileEncoding = 4; lastKnownFileType = sourcecode.c.objc; name = MBProgressHUD.m; path = "Third Party/MBProgressHUD/MBProgressHUD.m"; sourceTree = "<group>"; };
		6393A25C1A8E7ECC005AEDEB /* SLKTextView+SLKAdditions.h */ = {isa = PBXFileReference; fileEncoding = 4; lastKnownFileType = sourcecode.c.h; path = "SLKTextView+SLKAdditions.h"; sourceTree = "<group>"; };
		6393A25D1A8E7ECC005AEDEB /* SLKTextView+SLKAdditions.m */ = {isa = PBXFileReference; fileEncoding = 4; lastKnownFileType = sourcecode.c.objc; path = "SLKTextView+SLKAdditions.m"; sourceTree = "<group>"; };
		6393A25E1A8E7ECC005AEDEB /* SLKUIConstants.h */ = {isa = PBXFileReference; fileEncoding = 4; lastKnownFileType = sourcecode.c.h; path = SLKUIConstants.h; sourceTree = "<group>"; };
		6393A25F1A8E7ECC005AEDEB /* UIScrollView+SLKAdditions.h */ = {isa = PBXFileReference; fileEncoding = 4; lastKnownFileType = sourcecode.c.h; path = "UIScrollView+SLKAdditions.h"; sourceTree = "<group>"; };
		6393A2601A8E7ECC005AEDEB /* UIScrollView+SLKAdditions.m */ = {isa = PBXFileReference; fileEncoding = 4; lastKnownFileType = sourcecode.c.objc; path = "UIScrollView+SLKAdditions.m"; sourceTree = "<group>"; };
		6393A2611A8E7ECC005AEDEB /* UIView+SLKAdditions.h */ = {isa = PBXFileReference; fileEncoding = 4; lastKnownFileType = sourcecode.c.h; path = "UIView+SLKAdditions.h"; sourceTree = "<group>"; };
		6393A2621A8E7ECC005AEDEB /* UIView+SLKAdditions.m */ = {isa = PBXFileReference; fileEncoding = 4; lastKnownFileType = sourcecode.c.objc; path = "UIView+SLKAdditions.m"; sourceTree = "<group>"; };
		6393A2641A8E7ECC005AEDEB /* SLKInputAccessoryView.h */ = {isa = PBXFileReference; fileEncoding = 4; lastKnownFileType = sourcecode.c.h; path = SLKInputAccessoryView.h; sourceTree = "<group>"; };
		6393A2651A8E7ECC005AEDEB /* SLKInputAccessoryView.m */ = {isa = PBXFileReference; fileEncoding = 4; lastKnownFileType = sourcecode.c.objc; path = SLKInputAccessoryView.m; sourceTree = "<group>"; };
		6393A2661A8E7ECC005AEDEB /* SLKTextInputbar.h */ = {isa = PBXFileReference; fileEncoding = 4; lastKnownFileType = sourcecode.c.h; path = SLKTextInputbar.h; sourceTree = "<group>"; };
		6393A2671A8E7ECC005AEDEB /* SLKTextInputbar.m */ = {isa = PBXFileReference; fileEncoding = 4; lastKnownFileType = sourcecode.c.objc; path = SLKTextInputbar.m; sourceTree = "<group>"; };
		6393A2681A8E7ECC005AEDEB /* SLKTextView.h */ = {isa = PBXFileReference; fileEncoding = 4; lastKnownFileType = sourcecode.c.h; path = SLKTextView.h; sourceTree = "<group>"; };
		6393A2691A8E7ECC005AEDEB /* SLKTextView.m */ = {isa = PBXFileReference; fileEncoding = 4; lastKnownFileType = sourcecode.c.objc; path = SLKTextView.m; sourceTree = "<group>"; };
		6393A26A1A8E7ECC005AEDEB /* SLKTextViewController.h */ = {isa = PBXFileReference; fileEncoding = 4; lastKnownFileType = sourcecode.c.h; path = SLKTextViewController.h; sourceTree = "<group>"; };
		6393A26B1A8E7ECC005AEDEB /* SLKTextViewController.m */ = {isa = PBXFileReference; fileEncoding = 4; lastKnownFileType = sourcecode.c.objc; path = SLKTextViewController.m; sourceTree = "<group>"; };
		6393A26C1A8E7ECC005AEDEB /* SLKTypingIndicatorView.h */ = {isa = PBXFileReference; fileEncoding = 4; lastKnownFileType = sourcecode.c.h; path = SLKTypingIndicatorView.h; sourceTree = "<group>"; };
		6393A26D1A8E7ECC005AEDEB /* SLKTypingIndicatorView.m */ = {isa = PBXFileReference; fileEncoding = 4; lastKnownFileType = sourcecode.c.objc; path = SLKTypingIndicatorView.m; sourceTree = "<group>"; };
		6393A2761A92D56E005AEDEB /* InfoViewController.swift */ = {isa = PBXFileReference; fileEncoding = 4; lastKnownFileType = sourcecode.swift; path = InfoViewController.swift; sourceTree = "<group>"; };
		63B8EFBE1A89360200FF51E5 /* DirectoryBaseTableViewController.swift */ = {isa = PBXFileReference; fileEncoding = 4; lastKnownFileType = sourcecode.swift; path = DirectoryBaseTableViewController.swift; sourceTree = "<group>"; };
		63B8EFC01A89400200FF51E5 /* DirectorySearchResultsTableViewController.swift */ = {isa = PBXFileReference; fileEncoding = 4; lastKnownFileType = sourcecode.swift; path = DirectorySearchResultsTableViewController.swift; sourceTree = "<group>"; };
		63B8EFC31A89420600FF51E5 /* KinveyExtensions.swift */ = {isa = PBXFileReference; fileEncoding = 4; lastKnownFileType = sourcecode.swift; path = KinveyExtensions.swift; sourceTree = "<group>"; };
		63B8EFC51A8AFC7B00FF51E5 /* ObjCUtil.h */ = {isa = PBXFileReference; fileEncoding = 4; lastKnownFileType = sourcecode.c.h; path = ObjCUtil.h; sourceTree = "<group>"; };
		63B8EFC61A8AFC7B00FF51E5 /* ObjCUtil.m */ = {isa = PBXFileReference; fileEncoding = 4; lastKnownFileType = sourcecode.c.objc; path = ObjCUtil.m; sourceTree = "<group>"; };
/* End PBXFileReference section */

/* Begin PBXFrameworksBuildPhase section */
		63203D741A6D4C3C00D49582 /* Frameworks */ = {
			isa = PBXFrameworksBuildPhase;
			buildActionMask = 2147483647;
			files = (
				6363B9FD1A6EB48500187367 /* CoreImage.framework in Frameworks */,
				63203DAE1A6D4D0F00D49582 /* SystemConfiguration.framework in Frameworks */,
				63203DAC1A6D4D0900D49582 /* Social.framework in Frameworks */,
				63203DAA1A6D4D0300D49582 /* Security.framework in Frameworks */,
				63203DA81A6D4CFC00D49582 /* MobileCoreServices.framework in Frameworks */,
				63203DA61A6D4CF600D49582 /* libsqlite3.dylib in Frameworks */,
				63203DA41A6D4CEE00D49582 /* CoreLocation.framework in Frameworks */,
				63203DA21A6D4CE200D49582 /* CoreGraphics.framework in Frameworks */,
				63203DA01A6D4CDD00D49582 /* Accounts.framework in Frameworks */,
				63203D9E1A6D4C7600D49582 /* KinveyKit.framework in Frameworks */,
			);
			runOnlyForDeploymentPostprocessing = 0;
		};
		63203D891A6D4C3C00D49582 /* Frameworks */ = {
			isa = PBXFrameworksBuildPhase;
			buildActionMask = 2147483647;
			files = (
			);
			runOnlyForDeploymentPostprocessing = 0;
		};
/* End PBXFrameworksBuildPhase section */

/* Begin PBXGroup section */
		630537811A77DF320071F376 /* Model */ = {
			isa = PBXGroup;
			children = (
				630537821A77DF4C0071F376 /* Message.swift */,
				630537841A77DF590071F376 /* MessageThread.swift */,
			);
			name = Model;
			sourceTree = "<group>";
		};
		63203D6E1A6D4C3B00D49582 = {
			isa = PBXGroup;
			children = (
				6333F3341A95348800618027 /* Kinvey.plist */,
				6333F32F1A92D8E400618027 /* Content */,
				6359CFF61A72F1A60040E166 /* Third Party */,
				63203DAF1A6D4D1B00D49582 /* Frameworks */,
				63203D791A6D4C3C00D49582 /* EnterpriseMessenger */,
				63203D8F1A6D4C3C00D49582 /* EnterpriseMessengerTests */,
				63203D781A6D4C3C00D49582 /* Products */,
			);
			sourceTree = "<group>";
		};
		63203D781A6D4C3C00D49582 /* Products */ = {
			isa = PBXGroup;
			children = (
				63203D771A6D4C3C00D49582 /* EnterpriseMessenger.app */,
				63203D8C1A6D4C3C00D49582 /* EnterpriseMessengerTests.xctest */,
			);
			name = Products;
			sourceTree = "<group>";
		};
		63203D791A6D4C3C00D49582 /* EnterpriseMessenger */ = {
			isa = PBXGroup;
			children = (
				634AC2401A9BB42A00A6DAE8 /* Constants */,
				634AC23D1A9BB40900A6DAE8 /* Resources */,
				63B8EFC81A8AFC8000FF51E5 /* ObjectiveC */,
				63B8EFC21A8941F000FF51E5 /* Extensions */,
				63B8EFBC1A8935E200FF51E5 /* View */,
				6341171E1A82D8A7004090F1 /* Manager */,
				630537811A77DF320071F376 /* Model */,
				63203D7A1A6D4C3C00D49582 /* Supporting Files */,
				63203DB01A6D4ED800D49582 /* EnterpriseMessenger-Bridging-Header.h */,
				63203D7C1A6D4C3C00D49582 /* AppDelegate.swift */,
				63203DB41A6D7D2100D49582 /* InterfaceConfiguration.swift */,
			);
			path = EnterpriseMessenger;
			sourceTree = "<group>";
		};
		63203D7A1A6D4C3C00D49582 /* Supporting Files */ = {
			isa = PBXGroup;
			children = (
				63203D7B1A6D4C3C00D49582 /* Info.plist */,
			);
			name = "Supporting Files";
			sourceTree = "<group>";
		};
		63203D8F1A6D4C3C00D49582 /* EnterpriseMessengerTests */ = {
			isa = PBXGroup;
			children = (
				63203D921A6D4C3C00D49582 /* EnterpriseMessengerTests.swift */,
				63203D901A6D4C3C00D49582 /* Supporting Files */,
			);
			path = EnterpriseMessengerTests;
			sourceTree = "<group>";
		};
		63203D901A6D4C3C00D49582 /* Supporting Files */ = {
			isa = PBXGroup;
			children = (
				63203D911A6D4C3C00D49582 /* Info.plist */,
			);
			name = "Supporting Files";
			sourceTree = "<group>";
		};
		63203DAF1A6D4D1B00D49582 /* Frameworks */ = {
			isa = PBXGroup;
			children = (
				6363B9FC1A6EB48500187367 /* CoreImage.framework */,
				63203D9D1A6D4C7600D49582 /* KinveyKit.framework */,
				63203DAD1A6D4D0F00D49582 /* SystemConfiguration.framework */,
				63203DAB1A6D4D0900D49582 /* Social.framework */,
				63203DA91A6D4D0300D49582 /* Security.framework */,
				63203DA71A6D4CFC00D49582 /* MobileCoreServices.framework */,
				63203DA51A6D4CF600D49582 /* libsqlite3.dylib */,
				63203DA31A6D4CEE00D49582 /* CoreLocation.framework */,
				63203DA11A6D4CE200D49582 /* CoreGraphics.framework */,
				63203D9F1A6D4CDD00D49582 /* Accounts.framework */,
			);
			name = Frameworks;
			sourceTree = "<group>";
		};
		6333F32F1A92D8E400618027 /* Content */ = {
			isa = PBXGroup;
			children = (
				6333F3301A92D8F100618027 /* about.rtf */,
			);
			name = Content;
			sourceTree = "<group>";
		};
		6341171E1A82D8A7004090F1 /* Manager */ = {
			isa = PBXGroup;
			children = (
				6341171F1A82D8BA004090F1 /* KinveyDataManager.swift */,
			);
			name = Manager;
			sourceTree = "<group>";
		};
		634AC23C1A9BB3B400A6DAE8 /* Components */ = {
			isa = PBXGroup;
			children = (
				63203DC11A6DB08F00D49582 /* MaskedImageView.swift */,
				6333F3321A93BB4600618027 /* AboutTextView.swift */,
				63203DB81A6D8EB800D49582 /* BottomButton.swift */,
				63203DBF1A6DAA6D00D49582 /* TextField.swift */,
				634AC24A1AA26E9A00A6DAE8 /* ProfileView.swift */,
			);
			name = Components;
			sourceTree = "<group>";
		};
		634AC23D1A9BB40900A6DAE8 /* Resources */ = {
			isa = PBXGroup;
			children = (
				634AC23F1A9BB41B00A6DAE8 /* Images */,
				634AC23E1A9BB41000A6DAE8 /* IB */,
			);
			name = Resources;
			sourceTree = "<group>";
		};
		634AC23E1A9BB41000A6DAE8 /* IB */ = {
			isa = PBXGroup;
			children = (
				63203D801A6D4C3C00D49582 /* Main.storyboard */,
				63203D851A6D4C3C00D49582 /* LaunchScreen.xib */,
				634AC2471AA26D7E00A6DAE8 /* ProfileView.xib */,
			);
			name = IB;
			sourceTree = "<group>";
		};
		634AC23F1A9BB41B00A6DAE8 /* Images */ = {
			isa = PBXGroup;
			children = (
				63203D831A6D4C3C00D49582 /* Images.xcassets */,
			);
			name = Images;
			sourceTree = "<group>";
		};
		634AC2401A9BB42A00A6DAE8 /* Constants */ = {
			isa = PBXGroup;
			children = (
				6393A2541A8E4D0B005AEDEB /* WaterCoolerConstants.swift */,
			);
			name = Constants;
			sourceTree = "<group>";
		};
		6359CFF61A72F1A60040E166 /* Third Party */ = {
			isa = PBXGroup;
			children = (
				6393A25A1A8E7EBD005AEDEB /* SlackTextViewController */,
				6393A2561A8E7E89005AEDEB /* MBProgressHUD */,
			);
			name = "Third Party";
			sourceTree = "<group>";
		};
		638A397C1A70455D00D0111C /* Cells */ = {
			isa = PBXGroup;
			children = (
				638A397D1A70457000D0111C /* DirectoryTableViewCell.swift */,
				638A39811A7085F100D0111C /* MessageThreadTableViewCell.swift */,
				6359D01C1A740C350040E166 /* MessageTableViewRecipientCell.swift */,
				630537791A75CE690071F376 /* MessageTableViewCellBase.swift */,
				6305377B1A75CE770071F376 /* MessageTableViewSenderCell.swift */,
			);
			name = Cells;
			sourceTree = "<group>";
		};
		6393A2561A8E7E89005AEDEB /* MBProgressHUD */ = {
			isa = PBXGroup;
			children = (
				6393A2571A8E7E98005AEDEB /* MBProgressHUD.h */,
				6393A2581A8E7E98005AEDEB /* MBProgressHUD.m */,
			);
			name = MBProgressHUD;
			sourceTree = "<group>";
		};
		6393A25A1A8E7EBD005AEDEB /* SlackTextViewController */ = {
			isa = PBXGroup;
			children = (
				6393A25B1A8E7ECC005AEDEB /* Additions */,
				6393A2631A8E7ECC005AEDEB /* Classes */,
			);
			name = SlackTextViewController;
			sourceTree = "<group>";
		};
		6393A25B1A8E7ECC005AEDEB /* Additions */ = {
			isa = PBXGroup;
			children = (
				6393A25C1A8E7ECC005AEDEB /* SLKTextView+SLKAdditions.h */,
				6393A25D1A8E7ECC005AEDEB /* SLKTextView+SLKAdditions.m */,
				6393A25E1A8E7ECC005AEDEB /* SLKUIConstants.h */,
				6393A25F1A8E7ECC005AEDEB /* UIScrollView+SLKAdditions.h */,
				6393A2601A8E7ECC005AEDEB /* UIScrollView+SLKAdditions.m */,
				6393A2611A8E7ECC005AEDEB /* UIView+SLKAdditions.h */,
				6393A2621A8E7ECC005AEDEB /* UIView+SLKAdditions.m */,
			);
			name = Additions;
			path = "Third Party/SlackTextViewController/Source/Additions";
			sourceTree = "<group>";
		};
		6393A2631A8E7ECC005AEDEB /* Classes */ = {
			isa = PBXGroup;
			children = (
				6393A2641A8E7ECC005AEDEB /* SLKInputAccessoryView.h */,
				6393A2651A8E7ECC005AEDEB /* SLKInputAccessoryView.m */,
				6393A2661A8E7ECC005AEDEB /* SLKTextInputbar.h */,
				6393A2671A8E7ECC005AEDEB /* SLKTextInputbar.m */,
				6393A2681A8E7ECC005AEDEB /* SLKTextView.h */,
				6393A2691A8E7ECC005AEDEB /* SLKTextView.m */,
				6393A26A1A8E7ECC005AEDEB /* SLKTextViewController.h */,
				6393A26B1A8E7ECC005AEDEB /* SLKTextViewController.m */,
				6393A26C1A8E7ECC005AEDEB /* SLKTypingIndicatorView.h */,
				6393A26D1A8E7ECC005AEDEB /* SLKTypingIndicatorView.m */,
			);
			name = Classes;
			path = "Third Party/SlackTextViewController/Source/Classes";
			sourceTree = "<group>";
		};
		63B8EFBC1A8935E200FF51E5 /* View */ = {
			isa = PBXGroup;
			children = (
				638A397C1A70455D00D0111C /* Cells */,
				634AC23C1A9BB3B400A6DAE8 /* Components */,
				63B8EFBD1A8935E700FF51E5 /* Directory */,
				6363B9F21A6DF74100187367 /* MessageThreadsViewController.swift */,
				6363B9F41A6E693F00187367 /* SignupViewController.swift */,
				6363B9F81A6E983000187367 /* LandingPageViewController.swift */,
				6359CFFE1A72F3270040E166 /* MessageDetailViewController.swift */,
				6393A2761A92D56E005AEDEB /* InfoViewController.swift */,
				634AC2381A97EA5A00A6DAE8 /* ProfileViewController.swift */,
				63558AB41AA2A4200016E28F /* UserDetailBaseViewController.swift */,
				63558AB61AA2A7860016E28F /* DirectoryDetailViewController.swift */,
				630858C51AA3FA1700A273B0 /* ChangePasswordViewController.swift */,
			);
			name = View;
			sourceTree = "<group>";
		};
		63B8EFBD1A8935E700FF51E5 /* Directory */ = {
			isa = PBXGroup;
			children = (
				638A397F1A70464E00D0111C /* DirectoryTableViewController.swift */,
				63B8EFBE1A89360200FF51E5 /* DirectoryBaseTableViewController.swift */,
				63B8EFC01A89400200FF51E5 /* DirectorySearchResultsTableViewController.swift */,
			);
			name = Directory;
			sourceTree = "<group>";
		};
		63B8EFC21A8941F000FF51E5 /* Extensions */ = {
			isa = PBXGroup;
			children = (
				63B8EFC31A89420600FF51E5 /* KinveyExtensions.swift */,
				634AC23A1A9BB33500A6DAE8 /* DateExtensions.swift */,
				634AC2421A9BB47B00A6DAE8 /* ImageExtensions.swift */,
				630858C71AA3FD4B00A273B0 /* ViewControllerExtensions.swift */,
			);
			name = Extensions;
			sourceTree = "<group>";
		};
		63B8EFC81A8AFC8000FF51E5 /* ObjectiveC */ = {
			isa = PBXGroup;
			children = (
				63B8EFC51A8AFC7B00FF51E5 /* ObjCUtil.h */,
				63B8EFC61A8AFC7B00FF51E5 /* ObjCUtil.m */,
			);
			name = ObjectiveC;
			sourceTree = "<group>";
		};
/* End PBXGroup section */

/* Begin PBXNativeTarget section */
		63203D761A6D4C3C00D49582 /* EnterpriseMessenger */ = {
			isa = PBXNativeTarget;
			buildConfigurationList = 63203D961A6D4C3C00D49582 /* Build configuration list for PBXNativeTarget "EnterpriseMessenger" */;
			buildPhases = (
				63203D731A6D4C3C00D49582 /* Sources */,
				63203D741A6D4C3C00D49582 /* Frameworks */,
				63203D751A6D4C3C00D49582 /* Resources */,
			);
			buildRules = (
			);
			dependencies = (
			);
			name = EnterpriseMessenger;
			productName = EnterpriseMessenger;
			productReference = 63203D771A6D4C3C00D49582 /* EnterpriseMessenger.app */;
			productType = "com.apple.product-type.application";
		};
		63203D8B1A6D4C3C00D49582 /* EnterpriseMessengerTests */ = {
			isa = PBXNativeTarget;
			buildConfigurationList = 63203D991A6D4C3C00D49582 /* Build configuration list for PBXNativeTarget "EnterpriseMessengerTests" */;
			buildPhases = (
				63203D881A6D4C3C00D49582 /* Sources */,
				63203D891A6D4C3C00D49582 /* Frameworks */,
				63203D8A1A6D4C3C00D49582 /* Resources */,
			);
			buildRules = (
			);
			dependencies = (
				63203D8E1A6D4C3C00D49582 /* PBXTargetDependency */,
			);
			name = EnterpriseMessengerTests;
			productName = EnterpriseMessengerTests;
			productReference = 63203D8C1A6D4C3C00D49582 /* EnterpriseMessengerTests.xctest */;
			productType = "com.apple.product-type.bundle.unit-test";
		};
/* End PBXNativeTarget section */

/* Begin PBXProject section */
		63203D6F1A6D4C3B00D49582 /* Project object */ = {
			isa = PBXProject;
			attributes = {
				LastUpgradeCheck = 0610;
				ORGANIZATIONNAME = "Universal Mind";
				TargetAttributes = {
					63203D761A6D4C3C00D49582 = {
						CreatedOnToolsVersion = 6.1.1;
					};
					63203D8B1A6D4C3C00D49582 = {
						CreatedOnToolsVersion = 6.1.1;
						TestTargetID = 63203D761A6D4C3C00D49582;
					};
				};
			};
			buildConfigurationList = 63203D721A6D4C3B00D49582 /* Build configuration list for PBXProject "EnterpriseMessenger" */;
			compatibilityVersion = "Xcode 3.2";
			developmentRegion = English;
			hasScannedForEncodings = 0;
			knownRegions = (
				en,
				Base,
			);
			mainGroup = 63203D6E1A6D4C3B00D49582;
			productRefGroup = 63203D781A6D4C3C00D49582 /* Products */;
			projectDirPath = "";
			projectRoot = "";
			targets = (
				63203D761A6D4C3C00D49582 /* EnterpriseMessenger */,
				63203D8B1A6D4C3C00D49582 /* EnterpriseMessengerTests */,
			);
		};
/* End PBXProject section */

/* Begin PBXResourcesBuildPhase section */
		63203D751A6D4C3C00D49582 /* Resources */ = {
			isa = PBXResourcesBuildPhase;
			buildActionMask = 2147483647;
			files = (
				63203D821A6D4C3C00D49582 /* Main.storyboard in Resources */,
				63203D871A6D4C3C00D49582 /* LaunchScreen.xib in Resources */,
				634AC2491AA26D7E00A6DAE8 /* ProfileView.xib in Resources */,
				6333F3311A92D8F100618027 /* about.rtf in Resources */,
				6333F3351A95348800618027 /* Kinvey.plist in Resources */,
				63203D841A6D4C3C00D49582 /* Images.xcassets in Resources */,
			);
			runOnlyForDeploymentPostprocessing = 0;
		};
		63203D8A1A6D4C3C00D49582 /* Resources */ = {
			isa = PBXResourcesBuildPhase;
			buildActionMask = 2147483647;
			files = (
			);
			runOnlyForDeploymentPostprocessing = 0;
		};
/* End PBXResourcesBuildPhase section */

/* Begin PBXSourcesBuildPhase section */
		63203D731A6D4C3C00D49582 /* Sources */ = {
			isa = PBXSourcesBuildPhase;
			buildActionMask = 2147483647;
			files = (
				6305377C1A75CE770071F376 /* MessageTableViewSenderCell.swift in Sources */,
				6393A2551A8E4D0B005AEDEB /* WaterCoolerConstants.swift in Sources */,
				6393A2701A8E7ECC005AEDEB /* UIView+SLKAdditions.m in Sources */,
				6363B9F51A6E693F00187367 /* SignupViewController.swift in Sources */,
				6393A2721A8E7ECC005AEDEB /* SLKTextInputbar.m in Sources */,
				63203DB91A6D8EB800D49582 /* BottomButton.swift in Sources */,
				6359D01D1A740C350040E166 /* MessageTableViewRecipientCell.swift in Sources */,
				638A39801A70464E00D0111C /* DirectoryTableViewController.swift in Sources */,
				6393A2731A8E7ECC005AEDEB /* SLKTextView.m in Sources */,
				63558AB51AA2A4200016E28F /* UserDetailBaseViewController.swift in Sources */,
				63203DC01A6DAA6D00D49582 /* TextField.swift in Sources */,
				63B8EFC11A89400200FF51E5 /* DirectorySearchResultsTableViewController.swift in Sources */,
				638A39821A7085F100D0111C /* MessageThreadTableViewCell.swift in Sources */,
				63203D7D1A6D4C3C00D49582 /* AppDelegate.swift in Sources */,
				630537831A77DF4C0071F376 /* Message.swift in Sources */,
				63203DB51A6D7D2100D49582 /* InterfaceConfiguration.swift in Sources */,
				6363B9F31A6DF74100187367 /* MessageThreadsViewController.swift in Sources */,
				634AC24B1AA26E9A00A6DAE8 /* ProfileView.swift in Sources */,
				63B8EFC41A89420600FF51E5 /* KinveyExtensions.swift in Sources */,
				63B8EFC71A8AFC7B00FF51E5 /* ObjCUtil.m in Sources */,
				6333F3331A93BB4600618027 /* AboutTextView.swift in Sources */,
				6393A2711A8E7ECC005AEDEB /* SLKInputAccessoryView.m in Sources */,
				63203DC21A6DB08F00D49582 /* MaskedImageView.swift in Sources */,
				6393A2771A92D56E005AEDEB /* InfoViewController.swift in Sources */,
				6393A2741A8E7ECC005AEDEB /* SLKTextViewController.m in Sources */,
				6363B9F91A6E983000187367 /* LandingPageViewController.swift in Sources */,
				630858C61AA3FA1700A273B0 /* ChangePasswordViewController.swift in Sources */,
				630537851A77DF590071F376 /* MessageThread.swift in Sources */,
				634117201A82D8BA004090F1 /* KinveyDataManager.swift in Sources */,
				634AC2391A97EA5A00A6DAE8 /* ProfileViewController.swift in Sources */,
				63558AB71AA2A7860016E28F /* DirectoryDetailViewController.swift in Sources */,
				6359CFFF1A72F3270040E166 /* MessageDetailViewController.swift in Sources */,
				634AC2431A9BB47B00A6DAE8 /* ImageExtensions.swift in Sources */,
				63B8EFBF1A89360200FF51E5 /* DirectoryBaseTableViewController.swift in Sources */,
				630858C81AA3FD4B00A273B0 /* ViewControllerExtensions.swift in Sources */,
				6393A26F1A8E7ECC005AEDEB /* UIScrollView+SLKAdditions.m in Sources */,
				6305377A1A75CE690071F376 /* MessageTableViewCellBase.swift in Sources */,
				6393A2751A8E7ECC005AEDEB /* SLKTypingIndicatorView.m in Sources */,
				638A397E1A70457000D0111C /* DirectoryTableViewCell.swift in Sources */,
				6393A26E1A8E7ECC005AEDEB /* SLKTextView+SLKAdditions.m in Sources */,
				6393A2591A8E7E98005AEDEB /* MBProgressHUD.m in Sources */,
				634AC23B1A9BB33500A6DAE8 /* DateExtensions.swift in Sources */,
			);
			runOnlyForDeploymentPostprocessing = 0;
		};
		63203D881A6D4C3C00D49582 /* Sources */ = {
			isa = PBXSourcesBuildPhase;
			buildActionMask = 2147483647;
			files = (
				63203D931A6D4C3C00D49582 /* EnterpriseMessengerTests.swift in Sources */,
			);
			runOnlyForDeploymentPostprocessing = 0;
		};
/* End PBXSourcesBuildPhase section */

/* Begin PBXTargetDependency section */
		63203D8E1A6D4C3C00D49582 /* PBXTargetDependency */ = {
			isa = PBXTargetDependency;
			target = 63203D761A6D4C3C00D49582 /* EnterpriseMessenger */;
			targetProxy = 63203D8D1A6D4C3C00D49582 /* PBXContainerItemProxy */;
		};
/* End PBXTargetDependency section */

/* Begin PBXVariantGroup section */
		63203D801A6D4C3C00D49582 /* Main.storyboard */ = {
			isa = PBXVariantGroup;
			children = (
				63203D811A6D4C3C00D49582 /* Base */,
			);
			name = Main.storyboard;
			sourceTree = "<group>";
		};
		63203D851A6D4C3C00D49582 /* LaunchScreen.xib */ = {
			isa = PBXVariantGroup;
			children = (
				63203D861A6D4C3C00D49582 /* Base */,
			);
			name = LaunchScreen.xib;
			sourceTree = "<group>";
		};
		634AC2471AA26D7E00A6DAE8 /* ProfileView.xib */ = {
			isa = PBXVariantGroup;
			children = (
				634AC2481AA26D7E00A6DAE8 /* Base */,
			);
			name = ProfileView.xib;
			sourceTree = "<group>";
		};
/* End PBXVariantGroup section */

/* Begin XCBuildConfiguration section */
		63203D941A6D4C3C00D49582 /* Debug */ = {
			isa = XCBuildConfiguration;
			buildSettings = {
				ALWAYS_SEARCH_USER_PATHS = NO;
				CLANG_CXX_LANGUAGE_STANDARD = "gnu++0x";
				CLANG_CXX_LIBRARY = "libc++";
				CLANG_ENABLE_MODULES = YES;
				CLANG_ENABLE_OBJC_ARC = YES;
				CLANG_WARN_BOOL_CONVERSION = YES;
				CLANG_WARN_CONSTANT_CONVERSION = YES;
				CLANG_WARN_DIRECT_OBJC_ISA_USAGE = YES_ERROR;
				CLANG_WARN_EMPTY_BODY = YES;
				CLANG_WARN_ENUM_CONVERSION = YES;
				CLANG_WARN_INT_CONVERSION = YES;
				CLANG_WARN_OBJC_ROOT_CLASS = YES_ERROR;
				CLANG_WARN_UNREACHABLE_CODE = YES;
				CLANG_WARN__DUPLICATE_METHOD_MATCH = YES;
				"CODE_SIGN_IDENTITY[sdk=iphoneos*]" = "iPhone Developer";
				COPY_PHASE_STRIP = NO;
				ENABLE_STRICT_OBJC_MSGSEND = YES;
				GCC_C_LANGUAGE_STANDARD = gnu99;
				GCC_DYNAMIC_NO_PIC = NO;
				GCC_OPTIMIZATION_LEVEL = 0;
				GCC_PREPROCESSOR_DEFINITIONS = (
					"DEBUG=1",
					"$(inherited)",
				);
				GCC_SYMBOLS_PRIVATE_EXTERN = NO;
				GCC_WARN_64_TO_32_BIT_CONVERSION = YES;
				GCC_WARN_ABOUT_RETURN_TYPE = YES_ERROR;
				GCC_WARN_UNDECLARED_SELECTOR = YES;
				GCC_WARN_UNINITIALIZED_AUTOS = YES_AGGRESSIVE;
				GCC_WARN_UNUSED_FUNCTION = YES;
				GCC_WARN_UNUSED_VARIABLE = YES;
				IPHONEOS_DEPLOYMENT_TARGET = 8.1;
				MTL_ENABLE_DEBUG_INFO = YES;
				ONLY_ACTIVE_ARCH = YES;
				SDKROOT = iphoneos;
				SWIFT_OPTIMIZATION_LEVEL = "-Onone";
			};
			name = Debug;
		};
		63203D951A6D4C3C00D49582 /* Release */ = {
			isa = XCBuildConfiguration;
			buildSettings = {
				ALWAYS_SEARCH_USER_PATHS = NO;
				CLANG_CXX_LANGUAGE_STANDARD = "gnu++0x";
				CLANG_CXX_LIBRARY = "libc++";
				CLANG_ENABLE_MODULES = YES;
				CLANG_ENABLE_OBJC_ARC = YES;
				CLANG_WARN_BOOL_CONVERSION = YES;
				CLANG_WARN_CONSTANT_CONVERSION = YES;
				CLANG_WARN_DIRECT_OBJC_ISA_USAGE = YES_ERROR;
				CLANG_WARN_EMPTY_BODY = YES;
				CLANG_WARN_ENUM_CONVERSION = YES;
				CLANG_WARN_INT_CONVERSION = YES;
				CLANG_WARN_OBJC_ROOT_CLASS = YES_ERROR;
				CLANG_WARN_UNREACHABLE_CODE = YES;
				CLANG_WARN__DUPLICATE_METHOD_MATCH = YES;
				"CODE_SIGN_IDENTITY[sdk=iphoneos*]" = "iPhone Developer";
				COPY_PHASE_STRIP = YES;
				ENABLE_NS_ASSERTIONS = NO;
				ENABLE_STRICT_OBJC_MSGSEND = YES;
				GCC_C_LANGUAGE_STANDARD = gnu99;
				GCC_WARN_64_TO_32_BIT_CONVERSION = YES;
				GCC_WARN_ABOUT_RETURN_TYPE = YES_ERROR;
				GCC_WARN_UNDECLARED_SELECTOR = YES;
				GCC_WARN_UNINITIALIZED_AUTOS = YES_AGGRESSIVE;
				GCC_WARN_UNUSED_FUNCTION = YES;
				GCC_WARN_UNUSED_VARIABLE = YES;
				IPHONEOS_DEPLOYMENT_TARGET = 8.1;
				MTL_ENABLE_DEBUG_INFO = NO;
				SDKROOT = iphoneos;
				VALIDATE_PRODUCT = YES;
			};
			name = Release;
		};
		63203D971A6D4C3C00D49582 /* Debug */ = {
			isa = XCBuildConfiguration;
			buildSettings = {
				ASSETCATALOG_COMPILER_APPICON_NAME = AppIcon;
				CLANG_ENABLE_MODULES = YES;
				CODE_SIGN_IDENTITY = "iPhone Developer: David Tucker (ZW5M86LZTV)";
				FRAMEWORK_SEARCH_PATHS = (
					"$(inherited)",
					"$(PROJECT_DIR)",
				);
				INFOPLIST_FILE = EnterpriseMessenger/Info.plist;
				LD_RUNPATH_SEARCH_PATHS = "$(inherited) @executable_path/Frameworks";
				OTHER_LDFLAGS = "-ObjC";
				PRODUCT_NAME = "$(TARGET_NAME)";
				PROVISIONING_PROFILE = "9662736c-ce02-4a54-96c8-314e189417e2";
				SWIFT_OBJC_BRIDGING_HEADER = "EnterpriseMessenger-Bridging-Header.h";
				SWIFT_OPTIMIZATION_LEVEL = "-Onone";
				TARGETED_DEVICE_FAMILY = "1,2";
			};
			name = Debug;
		};
		63203D981A6D4C3C00D49582 /* Release */ = {
			isa = XCBuildConfiguration;
			buildSettings = {
				ASSETCATALOG_COMPILER_APPICON_NAME = AppIcon;
				CLANG_ENABLE_MODULES = YES;
				FRAMEWORK_SEARCH_PATHS = (
					"$(inherited)",
					"$(PROJECT_DIR)",
				);
				INFOPLIST_FILE = EnterpriseMessenger/Info.plist;
				LD_RUNPATH_SEARCH_PATHS = "$(inherited) @executable_path/Frameworks";
				OTHER_LDFLAGS = "-ObjC";
				PRODUCT_NAME = "$(TARGET_NAME)";
				SWIFT_OBJC_BRIDGING_HEADER = "EnterpriseMessenger-Bridging-Header.h";
				TARGETED_DEVICE_FAMILY = "1,2";
			};
			name = Release;
		};
		63203D9A1A6D4C3C00D49582 /* Debug */ = {
			isa = XCBuildConfiguration;
			buildSettings = {
				BUNDLE_LOADER = "$(TEST_HOST)";
				FRAMEWORK_SEARCH_PATHS = (
					"$(SDKROOT)/Developer/Library/Frameworks",
					"$(inherited)",
				);
				GCC_PREPROCESSOR_DEFINITIONS = (
					"DEBUG=1",
					"$(inherited)",
				);
				INFOPLIST_FILE = EnterpriseMessengerTests/Info.plist;
				LD_RUNPATH_SEARCH_PATHS = "$(inherited) @executable_path/Frameworks @loader_path/Frameworks";
				PRODUCT_NAME = "$(TARGET_NAME)";
				TEST_HOST = "$(BUILT_PRODUCTS_DIR)/EnterpriseMessenger.app/EnterpriseMessenger";
			};
			name = Debug;
		};
		63203D9B1A6D4C3C00D49582 /* Release */ = {
			isa = XCBuildConfiguration;
			buildSettings = {
				BUNDLE_LOADER = "$(TEST_HOST)";
				FRAMEWORK_SEARCH_PATHS = (
					"$(SDKROOT)/Developer/Library/Frameworks",
					"$(inherited)",
				);
				INFOPLIST_FILE = EnterpriseMessengerTests/Info.plist;
				LD_RUNPATH_SEARCH_PATHS = "$(inherited) @executable_path/Frameworks @loader_path/Frameworks";
				PRODUCT_NAME = "$(TARGET_NAME)";
				TEST_HOST = "$(BUILT_PRODUCTS_DIR)/EnterpriseMessenger.app/EnterpriseMessenger";
			};
			name = Release;
		};
/* End XCBuildConfiguration section */

/* Begin XCConfigurationList section */
		63203D721A6D4C3B00D49582 /* Build configuration list for PBXProject "EnterpriseMessenger" */ = {
			isa = XCConfigurationList;
			buildConfigurations = (
				63203D941A6D4C3C00D49582 /* Debug */,
				63203D951A6D4C3C00D49582 /* Release */,
			);
			defaultConfigurationIsVisible = 0;
			defaultConfigurationName = Release;
		};
		63203D961A6D4C3C00D49582 /* Build configuration list for PBXNativeTarget "EnterpriseMessenger" */ = {
			isa = XCConfigurationList;
			buildConfigurations = (
				63203D971A6D4C3C00D49582 /* Debug */,
				63203D981A6D4C3C00D49582 /* Release */,
			);
			defaultConfigurationIsVisible = 0;
			defaultConfigurationName = Release;
		};
		63203D991A6D4C3C00D49582 /* Build configuration list for PBXNativeTarget "EnterpriseMessengerTests" */ = {
			isa = XCConfigurationList;
			buildConfigurations = (
				63203D9A1A6D4C3C00D49582 /* Debug */,
				63203D9B1A6D4C3C00D49582 /* Release */,
			);
			defaultConfigurationIsVisible = 0;
			defaultConfigurationName = Release;
		};
/* End XCConfigurationList section */
	};
	rootObject = 63203D6F1A6D4C3B00D49582 /* Project object */;
}
